
Microsoft Visual Studio Solution File, Format Version 12.00
# Visual Studio Version 17
VisualStudioVersion = 17.0.31903.59
MinimumVisualStudioVersion = 10.0.40219.1
Project("{FAE04EC0-301F-11D3-BF4B-00C04F79EFBC}") = "CarRental.Domain", "CarRental.Domain\CarRental.Domain.csproj", "{06B41FC1-BC46-473B-8E7E-394749D2A734}"
EndProject
Project("{FAE04EC0-301F-11D3-BF4B-00C04F79EFBC}") = "CarRental.Tests", "CarRental.Tests\CarRental.Tests.csproj", "{B253FF47-F3FD-4F60-934B-0A2649ACA810}"
EndProject
Project("{FAE04EC0-301F-11D3-BF4B-00C04F79EFBC}") = "CarRental.Api", "CarRental.Api\CarRental.Api.csproj", "{7B16F96C-0A36-4D10-A10A-5AD14619865F}"
EndProject
Project("{FAE04EC0-301F-11D3-BF4B-00C04F79EFBC}") = "CarRental.Application", "CarRental.Application\CarRental.Application.csproj", "{D1CFC635-6F68-727F-E951-9D087D3A3DBF}"
EndProject
Project("{FAE04EC0-301F-11D3-BF4B-00C04F79EFBC}") = "CarRental.Infrastructure", "CarRental.Infrastructure\CarRental.Infrastructure.csproj", "{BC450137-ECDC-D0A6-9C70-887579DD4AD0}"
EndProject
Global
	GlobalSection(SolutionConfigurationPlatforms) = preSolution
		Debug|Any CPU = Debug|Any CPU
		Debug|x64 = Debug|x64
		Debug|x86 = Debug|x86
		Release|Any CPU = Release|Any CPU
		Release|x64 = Release|x64
		Release|x86 = Release|x86
	EndGlobalSection
	GlobalSection(ProjectConfigurationPlatforms) = postSolution
		{06B41FC1-BC46-473B-8E7E-394749D2A734}.Debug|Any CPU.ActiveCfg = Debug|Any CPU
		{06B41FC1-BC46-473B-8E7E-394749D2A734}.Debug|Any CPU.Build.0 = Debug|Any CPU
		{06B41FC1-BC46-473B-8E7E-394749D2A734}.Debug|x64.ActiveCfg = Debug|Any CPU
		{06B41FC1-BC46-473B-8E7E-394749D2A734}.Debug|x64.Build.0 = Debug|Any CPU
		{06B41FC1-BC46-473B-8E7E-394749D2A734}.Debug|x86.ActiveCfg = Debug|Any CPU
		{06B41FC1-BC46-473B-8E7E-394749D2A734}.Debug|x86.Build.0 = Debug|Any CPU
		{06B41FC1-BC46-473B-8E7E-394749D2A734}.Release|Any CPU.ActiveCfg = Release|Any CPU
		{06B41FC1-BC46-473B-8E7E-394749D2A734}.Release|Any CPU.Build.0 = Release|Any CPU
		{06B41FC1-BC46-473B-8E7E-394749D2A734}.Release|x64.ActiveCfg = Release|Any CPU
		{06B41FC1-BC46-473B-8E7E-394749D2A734}.Release|x64.Build.0 = Release|Any CPU
		{06B41FC1-BC46-473B-8E7E-394749D2A734}.Release|x86.ActiveCfg = Release|Any CPU
		{06B41FC1-BC46-473B-8E7E-394749D2A734}.Release|x86.Build.0 = Release|Any CPU
		{B253FF47-F3FD-4F60-934B-0A2649ACA810}.Debug|Any CPU.ActiveCfg = Debug|Any CPU
		{B253FF47-F3FD-4F60-934B-0A2649ACA810}.Debug|Any CPU.Build.0 = Debug|Any CPU
		{B253FF47-F3FD-4F60-934B-0A2649ACA810}.Debug|x64.ActiveCfg = Debug|Any CPU
		{B253FF47-F3FD-4F60-934B-0A2649ACA810}.Debug|x64.Build.0 = Debug|Any CPU
		{B253FF47-F3FD-4F60-934B-0A2649ACA810}.Debug|x86.ActiveCfg = Debug|Any CPU
		{B253FF47-F3FD-4F60-934B-0A2649ACA810}.Debug|x86.Build.0 = Debug|Any CPU
		{B253FF47-F3FD-4F60-934B-0A2649ACA810}.Release|Any CPU.ActiveCfg = Release|Any CPU
		{B253FF47-F3FD-4F60-934B-0A2649ACA810}.Release|Any CPU.Build.0 = Release|Any CPU
		{B253FF47-F3FD-4F60-934B-0A2649ACA810}.Release|x64.ActiveCfg = Release|Any CPU
		{B253FF47-F3FD-4F60-934B-0A2649ACA810}.Release|x64.Build.0 = Release|Any CPU
		{B253FF47-F3FD-4F60-934B-0A2649ACA810}.Release|x86.ActiveCfg = Release|Any CPU
		{B253FF47-F3FD-4F60-934B-0A2649ACA810}.Release|x86.Build.0 = Release|Any CPU
		{7B16F96C-0A36-4D10-A10A-5AD14619865F}.Debug|Any CPU.ActiveCfg = Debug|Any CPU
		{7B16F96C-0A36-4D10-A10A-5AD14619865F}.Debug|Any CPU.Build.0 = Debug|Any CPU
		{7B16F96C-0A36-4D10-A10A-5AD14619865F}.Debug|x64.ActiveCfg = Debug|Any CPU
		{7B16F96C-0A36-4D10-A10A-5AD14619865F}.Debug|x64.Build.0 = Debug|Any CPU
		{7B16F96C-0A36-4D10-A10A-5AD14619865F}.Debug|x86.ActiveCfg = Debug|Any CPU
		{7B16F96C-0A36-4D10-A10A-5AD14619865F}.Debug|x86.Build.0 = Debug|Any CPU
		{7B16F96C-0A36-4D10-A10A-5AD14619865F}.Release|Any CPU.ActiveCfg = Release|Any CPU
		{7B16F96C-0A36-4D10-A10A-5AD14619865F}.Release|Any CPU.Build.0 = Release|Any CPU
		{7B16F96C-0A36-4D10-A10A-5AD14619865F}.Release|x64.ActiveCfg = Release|Any CPU
		{7B16F96C-0A36-4D10-A10A-5AD14619865F}.Release|x64.Build.0 = Release|Any CPU
		{7B16F96C-0A36-4D10-A10A-5AD14619865F}.Release|x86.ActiveCfg = Release|Any CPU
		{7B16F96C-0A36-4D10-A10A-5AD14619865F}.Release|x86.Build.0 = Release|Any CPU
		{D1CFC635-6F68-727F-E951-9D087D3A3DBF}.Debug|Any CPU.ActiveCfg = Debug|Any CPU
		{D1CFC635-6F68-727F-E951-9D087D3A3DBF}.Debug|Any CPU.Build.0 = Debug|Any CPU
		{D1CFC635-6F68-727F-E951-9D087D3A3DBF}.Debug|x64.ActiveCfg = Debug|Any CPU
		{D1CFC635-6F68-727F-E951-9D087D3A3DBF}.Debug|x64.Build.0 = Debug|Any CPU
		{D1CFC635-6F68-727F-E951-9D087D3A3DBF}.Debug|x86.ActiveCfg = Debug|Any CPU
		{D1CFC635-6F68-727F-E951-9D087D3A3DBF}.Debug|x86.Build.0 = Debug|Any CPU
		{D1CFC635-6F68-727F-E951-9D087D3A3DBF}.Release|Any CPU.ActiveCfg = Release|Any CPU
		{D1CFC635-6F68-727F-E951-9D087D3A3DBF}.Release|Any CPU.Build.0 = Release|Any CPU
		{D1CFC635-6F68-727F-E951-9D087D3A3DBF}.Release|x64.ActiveCfg = Release|Any CPU
		{D1CFC635-6F68-727F-E951-9D087D3A3DBF}.Release|x64.Build.0 = Release|Any CPU
		{D1CFC635-6F68-727F-E951-9D087D3A3DBF}.Release|x86.ActiveCfg = Release|Any CPU
		{D1CFC635-6F68-727F-E951-9D087D3A3DBF}.Release|x86.Build.0 = Release|Any CPU
		{BC450137-ECDC-D0A6-9C70-887579DD4AD0}.Debug|Any CPU.ActiveCfg = Debug|Any CPU
		{BC450137-ECDC-D0A6-9C70-887579DD4AD0}.Debug|Any CPU.Build.0 = Debug|Any CPU
		{BC450137-ECDC-D0A6-9C70-887579DD4AD0}.Debug|x64.ActiveCfg = Debug|Any CPU
		{BC450137-ECDC-D0A6-9C70-887579DD4AD0}.Debug|x64.Build.0 = Debug|Any CPU
		{BC450137-ECDC-D0A6-9C70-887579DD4AD0}.Debug|x86.ActiveCfg = Debug|Any CPU
		{BC450137-ECDC-D0A6-9C70-887579DD4AD0}.Debug|x86.Build.0 = Debug|Any CPU
		{BC450137-ECDC-D0A6-9C70-887579DD4AD0}.Release|Any CPU.ActiveCfg = Release|Any CPU
		{BC450137-ECDC-D0A6-9C70-887579DD4AD0}.Release|Any CPU.Build.0 = Release|Any CPU
		{BC450137-ECDC-D0A6-9C70-887579DD4AD0}.Release|x64.ActiveCfg = Release|Any CPU
		{BC450137-ECDC-D0A6-9C70-887579DD4AD0}.Release|x64.Build.0 = Release|Any CPU
		{BC450137-ECDC-D0A6-9C70-887579DD4AD0}.Release|x86.ActiveCfg = Release|Any CPU
		{BC450137-ECDC-D0A6-9C70-887579DD4AD0}.Release|x86.Build.0 = Release|Any CPU
	EndGlobalSection
	GlobalSection(SolutionProperties) = preSolution
		HideSolutionNode = FALSE
	EndGlobalSection
	GlobalSection(ExtensibilityGlobals) = postSolution
		SolutionGuid = {DDDF992B-860F-484F-9B9D-CE109A6F3417}
	EndGlobalSection
EndGlobal
